
Microsoft Visual Studio Solution File, Format Version 12.00
Project("{FAE04EC0-301F-11D3-BF4B-00C04F79EFBC}") = "XML-converter-refactored", "XML-converter-refactored\XML-converter-refactored.csproj", "{F810E65C-FAF9-41E4-BB0B-8903BB8A7A60}"
EndProject
Global
	GlobalSection(SolutionConfigurationPlatforms) = preSolution
		Debug|Any CPU = Debug|Any CPU
		Release|Any CPU = Release|Any CPU
	EndGlobalSection
	GlobalSection(ProjectConfigurationPlatforms) = postSolution
		{F810E65C-FAF9-41E4-BB0B-8903BB8A7A60}.Debug|Any CPU.ActiveCfg = Debug|Any CPU
		{F810E65C-FAF9-41E4-BB0B-8903BB8A7A60}.Debug|Any CPU.Build.0 = Debug|Any CPU
		{F810E65C-FAF9-41E4-BB0B-8903BB8A7A60}.Release|Any CPU.ActiveCfg = Release|Any CPU
		{F810E65C-FAF9-41E4-BB0B-8903BB8A7A60}.Release|Any CPU.Build.0 = Release|Any CPU
	EndGlobalSection
EndGlobal
